// !$*UTF8*$!
{
	archiveVersion = 1;
	classes = {
	};
	objectVersion = 56;
	objects = {

/* Begin PBXBuildFile section */
		053EC1D12C5461420019C618 /* AppDelegate.swift in Sources */ = {isa = PBXBuildFile; fileRef = 053EC1D02C5461420019C618 /* AppDelegate.swift */; };
		053EC1D32C5461420019C618 /* SceneDelegate.swift in Sources */ = {isa = PBXBuildFile; fileRef = 053EC1D22C5461420019C618 /* SceneDelegate.swift */; };
		053EC1D52C5461420019C618 /* GridViewController.swift in Sources */ = {isa = PBXBuildFile; fileRef = 053EC1D42C5461420019C618 /* GridViewController.swift */; };
		053EC1D82C5461420019C618 /* Base in Resources */ = {isa = PBXBuildFile; fileRef = 053EC1D72C5461420019C618 /* Base */; };
		053EC1DA2C5461430019C618 /* Assets.xcassets in Resources */ = {isa = PBXBuildFile; fileRef = 053EC1D92C5461430019C618 /* Assets.xcassets */; };
		053EC1DD2C5461430019C618 /* Base in Resources */ = {isa = PBXBuildFile; fileRef = 053EC1DC2C5461430019C618 /* Base */; };
		0592EE5E2C54F3840082D8DD /* Secrets.plist in Resources */ = {isa = PBXBuildFile; fileRef = 0592EE5D2C54F3840082D8DD /* Secrets.plist */; };
		0592EE612C5555100082D8DD /* SDWebImage in Frameworks */ = {isa = PBXBuildFile; productRef = 0592EE602C5555100082D8DD /* SDWebImage */; };
		0592EE632C5555100082D8DD /* SDWebImageMapKit in Frameworks */ = {isa = PBXBuildFile; productRef = 0592EE622C5555100082D8DD /* SDWebImageMapKit */; };
		05AA32A02C565DD30001C292 /* DetailedViewController.swift in Sources */ = {isa = PBXBuildFile; fileRef = 05AA329F2C565DD30001C292 /* DetailedViewController.swift */; };
		05AA32A82C56AED10001C292 /* GiphyFinderTests.swift in Sources */ = {isa = PBXBuildFile; fileRef = 05AA32A72C56AED10001C292 /* GiphyFinderTests.swift */; };
		05AA32AF2C56BDB50001C292 /* NetworkManager.swift in Sources */ = {isa = PBXBuildFile; fileRef = 05AA32AE2C56BDB50001C292 /* NetworkManager.swift */; };
/* End PBXBuildFile section */

/* Begin PBXContainerItemProxy section */
		05AA32A92C56AED10001C292 /* PBXContainerItemProxy */ = {
			isa = PBXContainerItemProxy;
			containerPortal = 053EC1C52C5461410019C618 /* Project object */;
			proxyType = 1;
			remoteGlobalIDString = 053EC1CC2C5461420019C618;
			remoteInfo = GiphyFinder;
		};
/* End PBXContainerItemProxy section */

/* Begin PBXFileReference section */
		053EC1CD2C5461420019C618 /* GiphyFinder.app */ = {isa = PBXFileReference; explicitFileType = wrapper.application; includeInIndex = 0; path = GiphyFinder.app; sourceTree = BUILT_PRODUCTS_DIR; };
		053EC1D02C5461420019C618 /* AppDelegate.swift */ = {isa = PBXFileReference; lastKnownFileType = sourcecode.swift; path = AppDelegate.swift; sourceTree = "<group>"; };
		053EC1D22C5461420019C618 /* SceneDelegate.swift */ = {isa = PBXFileReference; lastKnownFileType = sourcecode.swift; path = SceneDelegate.swift; sourceTree = "<group>"; };
		053EC1D42C5461420019C618 /* GridViewController.swift */ = {isa = PBXFileReference; lastKnownFileType = sourcecode.swift; path = GridViewController.swift; sourceTree = "<group>"; };
		053EC1D72C5461420019C618 /* Base */ = {isa = PBXFileReference; lastKnownFileType = file.storyboard; name = Base; path = Base.lproj/Main.storyboard; sourceTree = "<group>"; };
		053EC1D92C5461430019C618 /* Assets.xcassets */ = {isa = PBXFileReference; lastKnownFileType = folder.assetcatalog; path = Assets.xcassets; sourceTree = "<group>"; };
		053EC1DC2C5461430019C618 /* Base */ = {isa = PBXFileReference; lastKnownFileType = file.storyboard; name = Base; path = Base.lproj/LaunchScreen.storyboard; sourceTree = "<group>"; };
		053EC1DE2C5461430019C618 /* Info.plist */ = {isa = PBXFileReference; lastKnownFileType = text.plist.xml; path = Info.plist; sourceTree = "<group>"; };
		0592EE5D2C54F3840082D8DD /* Secrets.plist */ = {isa = PBXFileReference; lastKnownFileType = text.plist.xml; path = Secrets.plist; sourceTree = "<group>"; };
		05AA329F2C565DD30001C292 /* DetailedViewController.swift */ = {isa = PBXFileReference; lastKnownFileType = sourcecode.swift; path = DetailedViewController.swift; sourceTree = "<group>"; };
		05AA32A52C56AED10001C292 /* GiphyFinderTests.xctest */ = {isa = PBXFileReference; explicitFileType = wrapper.cfbundle; includeInIndex = 0; path = GiphyFinderTests.xctest; sourceTree = BUILT_PRODUCTS_DIR; };
		05AA32A72C56AED10001C292 /* GiphyFinderTests.swift */ = {isa = PBXFileReference; lastKnownFileType = sourcecode.swift; path = GiphyFinderTests.swift; sourceTree = "<group>"; };
		05AA32AE2C56BDB50001C292 /* NetworkManager.swift */ = {isa = PBXFileReference; lastKnownFileType = sourcecode.swift; path = NetworkManager.swift; sourceTree = "<group>"; };
/* End PBXFileReference section */

/* Begin PBXFrameworksBuildPhase section */
		053EC1CA2C5461420019C618 /* Frameworks */ = {
			isa = PBXFrameworksBuildPhase;
			buildActionMask = 2147483647;
			files = (
				0592EE632C5555100082D8DD /* SDWebImageMapKit in Frameworks */,
				0592EE612C5555100082D8DD /* SDWebImage in Frameworks */,
			);
			runOnlyForDeploymentPostprocessing = 0;
		};
		05AA32A22C56AED10001C292 /* Frameworks */ = {
			isa = PBXFrameworksBuildPhase;
			buildActionMask = 2147483647;
			files = (
			);
			runOnlyForDeploymentPostprocessing = 0;
		};
/* End PBXFrameworksBuildPhase section */

/* Begin PBXGroup section */
		053EC1C42C5461410019C618 = {
			isa = PBXGroup;
			children = (
				053EC1CF2C5461420019C618 /* GiphyFinder */,
				05AA32A62C56AED10001C292 /* GiphyFinderTests */,
				053EC1CE2C5461420019C618 /* Products */,
			);
			sourceTree = "<group>";
		};
		053EC1CE2C5461420019C618 /* Products */ = {
			isa = PBXGroup;
			children = (
				053EC1CD2C5461420019C618 /* GiphyFinder.app */,
				05AA32A52C56AED10001C292 /* GiphyFinderTests.xctest */,
			);
			name = Products;
			sourceTree = "<group>";
		};
		053EC1CF2C5461420019C618 /* GiphyFinder */ = {
			isa = PBXGroup;
			children = (
				053EC1D02C5461420019C618 /* AppDelegate.swift */,
				053EC1D22C5461420019C618 /* SceneDelegate.swift */,
				0592EE582C54D1040082D8DD /* Model */,
				0592EE592C54D10D0082D8DD /* View */,
				0592EE5A2C54D1180082D8DD /* Controller */,
				053EC1D92C5461430019C618 /* Assets.xcassets */,
				053EC1DE2C5461430019C618 /* Info.plist */,
				0592EE5D2C54F3840082D8DD /* Secrets.plist */,
			);
			path = GiphyFinder;
			sourceTree = "<group>";
		};
		0592EE582C54D1040082D8DD /* Model */ = {
			isa = PBXGroup;
			children = (
				05AA32AE2C56BDB50001C292 /* NetworkManager.swift */,
			);
			path = Model;
			sourceTree = "<group>";
		};
		0592EE592C54D10D0082D8DD /* View */ = {
			isa = PBXGroup;
			children = (
				053EC1D62C5461420019C618 /* Main.storyboard */,
				053EC1DB2C5461430019C618 /* LaunchScreen.storyboard */,
			);
			path = View;
			sourceTree = "<group>";
		};
		0592EE5A2C54D1180082D8DD /* Controller */ = {
			isa = PBXGroup;
			children = (
				053EC1D42C5461420019C618 /* GridViewController.swift */,
				05AA329F2C565DD30001C292 /* DetailedViewController.swift */,
			);
			path = Controller;
			sourceTree = "<group>";
		};
		05AA32A62C56AED10001C292 /* GiphyFinderTests */ = {
			isa = PBXGroup;
			children = (
				05AA32A72C56AED10001C292 /* GiphyFinderTests.swift */,
			);
			path = GiphyFinderTests;
			sourceTree = "<group>";
		};
/* End PBXGroup section */

/* Begin PBXNativeTarget section */
		053EC1CC2C5461420019C618 /* GiphyFinder */ = {
			isa = PBXNativeTarget;
			buildConfigurationList = 053EC1E12C5461430019C618 /* Build configuration list for PBXNativeTarget "GiphyFinder" */;
			buildPhases = (
				053EC1C92C5461420019C618 /* Sources */,
				053EC1CA2C5461420019C618 /* Frameworks */,
				053EC1CB2C5461420019C618 /* Resources */,
			);
			buildRules = (
			);
			dependencies = (
			);
			name = GiphyFinder;
			packageProductDependencies = (
				0592EE602C5555100082D8DD /* SDWebImage */,
				0592EE622C5555100082D8DD /* SDWebImageMapKit */,
			);
			productName = GiphyFinder;
			productReference = 053EC1CD2C5461420019C618 /* GiphyFinder.app */;
			productType = "com.apple.product-type.application";
		};
		05AA32A42C56AED10001C292 /* GiphyFinderTests */ = {
			isa = PBXNativeTarget;
			buildConfigurationList = 05AA32AB2C56AED10001C292 /* Build configuration list for PBXNativeTarget "GiphyFinderTests" */;
			buildPhases = (
				05AA32A12C56AED10001C292 /* Sources */,
				05AA32A22C56AED10001C292 /* Frameworks */,
				05AA32A32C56AED10001C292 /* Resources */,
			);
			buildRules = (
			);
			dependencies = (
				05AA32AA2C56AED10001C292 /* PBXTargetDependency */,
			);
			name = GiphyFinderTests;
			productName = GiphyFinderTests;
			productReference = 05AA32A52C56AED10001C292 /* GiphyFinderTests.xctest */;
			productType = "com.apple.product-type.bundle.unit-test";
		};
/* End PBXNativeTarget section */

/* Begin PBXProject section */
		053EC1C52C5461410019C618 /* Project object */ = {
			isa = PBXProject;
			attributes = {
				BuildIndependentTargetsInParallel = 1;
				LastSwiftUpdateCheck = 1540;
				LastUpgradeCheck = 1540;
				TargetAttributes = {
					053EC1CC2C5461420019C618 = {
						CreatedOnToolsVersion = 15.4;
					};
					05AA32A42C56AED10001C292 = {
						CreatedOnToolsVersion = 15.4;
						TestTargetID = 053EC1CC2C5461420019C618;
					};
				};
			};
			buildConfigurationList = 053EC1C82C5461410019C618 /* Build configuration list for PBXProject "GiphyFinder" */;
			compatibilityVersion = "Xcode 14.0";
			developmentRegion = en;
			hasScannedForEncodings = 0;
			knownRegions = (
				en,
				Base,
			);
			mainGroup = 053EC1C42C5461410019C618;
			packageReferences = (
				0592EE5F2C5555100082D8DD /* XCRemoteSwiftPackageReference "SDWebImage" */,
			);
			productRefGroup = 053EC1CE2C5461420019C618 /* Products */;
			projectDirPath = "";
			projectRoot = "";
			targets = (
				053EC1CC2C5461420019C618 /* GiphyFinder */,
				05AA32A42C56AED10001C292 /* GiphyFinderTests */,
			);
		};
/* End PBXProject section */

/* Begin PBXResourcesBuildPhase section */
		053EC1CB2C5461420019C618 /* Resources */ = {
			isa = PBXResourcesBuildPhase;
			buildActionMask = 2147483647;
			files = (
				0592EE5E2C54F3840082D8DD /* Secrets.plist in Resources */,
				053EC1DA2C5461430019C618 /* Assets.xcassets in Resources */,
				053EC1DD2C5461430019C618 /* Base in Resources */,
				053EC1D82C5461420019C618 /* Base in Resources */,
			);
			runOnlyForDeploymentPostprocessing = 0;
		};
		05AA32A32C56AED10001C292 /* Resources */ = {
			isa = PBXResourcesBuildPhase;
			buildActionMask = 2147483647;
			files = (
			);
			runOnlyForDeploymentPostprocessing = 0;
		};
/* End PBXResourcesBuildPhase section */

/* Begin PBXSourcesBuildPhase section */
		053EC1C92C5461420019C618 /* Sources */ = {
			isa = PBXSourcesBuildPhase;
			buildActionMask = 2147483647;
			files = (
				053EC1D52C5461420019C618 /* GridViewController.swift in Sources */,
				053EC1D12C5461420019C618 /* AppDelegate.swift in Sources */,
				05AA32AF2C56BDB50001C292 /* NetworkManager.swift in Sources */,
				05AA32A02C565DD30001C292 /* DetailedViewController.swift in Sources */,
				053EC1D32C5461420019C618 /* SceneDelegate.swift in Sources */,
			);
			runOnlyForDeploymentPostprocessing = 0;
		};
		05AA32A12C56AED10001C292 /* Sources */ = {
			isa = PBXSourcesBuildPhase;
			buildActionMask = 2147483647;
			files = (
				05AA32A82C56AED10001C292 /* GiphyFinderTests.swift in Sources */,
			);
			runOnlyForDeploymentPostprocessing = 0;
		};
/* End PBXSourcesBuildPhase section */

/* Begin PBXTargetDependency section */
		05AA32AA2C56AED10001C292 /* PBXTargetDependency */ = {
			isa = PBXTargetDependency;
			target = 053EC1CC2C5461420019C618 /* GiphyFinder */;
			targetProxy = 05AA32A92C56AED10001C292 /* PBXContainerItemProxy */;
		};
/* End PBXTargetDependency section */

/* Begin PBXVariantGroup section */
		053EC1D62C5461420019C618 /* Main.storyboard */ = {
			isa = PBXVariantGroup;
			children = (
				053EC1D72C5461420019C618 /* Base */,
			);
			name = Main.storyboard;
			sourceTree = "<group>";
		};
		053EC1DB2C5461430019C618 /* LaunchScreen.storyboard */ = {
			isa = PBXVariantGroup;
			children = (
				053EC1DC2C5461430019C618 /* Base */,
			);
			name = LaunchScreen.storyboard;
			sourceTree = "<group>";
		};
/* End PBXVariantGroup section */

/* Begin XCBuildConfiguration section */
		053EC1DF2C5461430019C618 /* Debug */ = {
			isa = XCBuildConfiguration;
			buildSettings = {
				ALWAYS_SEARCH_USER_PATHS = NO;
				ASSETCATALOG_COMPILER_GENERATE_SWIFT_ASSET_SYMBOL_EXTENSIONS = YES;
				CLANG_ANALYZER_NONNULL = YES;
				CLANG_ANALYZER_NUMBER_OBJECT_CONVERSION = YES_AGGRESSIVE;
				CLANG_CXX_LANGUAGE_STANDARD = "gnu++20";
				CLANG_ENABLE_MODULES = YES;
				CLANG_ENABLE_OBJC_ARC = YES;
				CLANG_ENABLE_OBJC_WEAK = YES;
				CLANG_WARN_BLOCK_CAPTURE_AUTORELEASING = YES;
				CLANG_WARN_BOOL_CONVERSION = YES;
				CLANG_WARN_COMMA = YES;
				CLANG_WARN_CONSTANT_CONVERSION = YES;
				CLANG_WARN_DEPRECATED_OBJC_IMPLEMENTATIONS = YES;
				CLANG_WARN_DIRECT_OBJC_ISA_USAGE = YES_ERROR;
				CLANG_WARN_DOCUMENTATION_COMMENTS = YES;
				CLANG_WARN_EMPTY_BODY = YES;
				CLANG_WARN_ENUM_CONVERSION = YES;
				CLANG_WARN_INFINITE_RECURSION = YES;
				CLANG_WARN_INT_CONVERSION = YES;
				CLANG_WARN_NON_LITERAL_NULL_CONVERSION = YES;
				CLANG_WARN_OBJC_IMPLICIT_RETAIN_SELF = YES;
				CLANG_WARN_OBJC_LITERAL_CONVERSION = YES;
				CLANG_WARN_OBJC_ROOT_CLASS = YES_ERROR;
				CLANG_WARN_QUOTED_INCLUDE_IN_FRAMEWORK_HEADER = YES;
				CLANG_WARN_RANGE_LOOP_ANALYSIS = YES;
				CLANG_WARN_STRICT_PROTOTYPES = YES;
				CLANG_WARN_SUSPICIOUS_MOVE = YES;
				CLANG_WARN_UNGUARDED_AVAILABILITY = YES_AGGRESSIVE;
				CLANG_WARN_UNREACHABLE_CODE = YES;
				CLANG_WARN__DUPLICATE_METHOD_MATCH = YES;
				COPY_PHASE_STRIP = NO;
				DEBUG_INFORMATION_FORMAT = dwarf;
				ENABLE_STRICT_OBJC_MSGSEND = YES;
				ENABLE_TESTABILITY = YES;
				ENABLE_USER_SCRIPT_SANDBOXING = YES;
				GCC_C_LANGUAGE_STANDARD = gnu17;
				GCC_DYNAMIC_NO_PIC = NO;
				GCC_NO_COMMON_BLOCKS = YES;
				GCC_OPTIMIZATION_LEVEL = 0;
				GCC_PREPROCESSOR_DEFINITIONS = (
					"DEBUG=1",
					"$(inherited)",
				);
				GCC_WARN_64_TO_32_BIT_CONVERSION = YES;
				GCC_WARN_ABOUT_RETURN_TYPE = YES_ERROR;
				GCC_WARN_UNDECLARED_SELECTOR = YES;
				GCC_WARN_UNINITIALIZED_AUTOS = YES_AGGRESSIVE;
				GCC_WARN_UNUSED_FUNCTION = YES;
				GCC_WARN_UNUSED_VARIABLE = YES;
				IPHONEOS_DEPLOYMENT_TARGET = 17.5;
				LOCALIZATION_PREFERS_STRING_CATALOGS = YES;
				MTL_ENABLE_DEBUG_INFO = INCLUDE_SOURCE;
				MTL_FAST_MATH = YES;
				ONLY_ACTIVE_ARCH = YES;
				SDKROOT = iphoneos;
				SWIFT_ACTIVE_COMPILATION_CONDITIONS = "DEBUG $(inherited)";
				SWIFT_OPTIMIZATION_LEVEL = "-Onone";
			};
			name = Debug;
		};
		053EC1E02C5461430019C618 /* Release */ = {
			isa = XCBuildConfiguration;
			buildSettings = {
				ALWAYS_SEARCH_USER_PATHS = NO;
				ASSETCATALOG_COMPILER_GENERATE_SWIFT_ASSET_SYMBOL_EXTENSIONS = YES;
				CLANG_ANALYZER_NONNULL = YES;
				CLANG_ANALYZER_NUMBER_OBJECT_CONVERSION = YES_AGGRESSIVE;
				CLANG_CXX_LANGUAGE_STANDARD = "gnu++20";
				CLANG_ENABLE_MODULES = YES;
				CLANG_ENABLE_OBJC_ARC = YES;
				CLANG_ENABLE_OBJC_WEAK = YES;
				CLANG_WARN_BLOCK_CAPTURE_AUTORELEASING = YES;
				CLANG_WARN_BOOL_CONVERSION = YES;
				CLANG_WARN_COMMA = YES;
				CLANG_WARN_CONSTANT_CONVERSION = YES;
				CLANG_WARN_DEPRECATED_OBJC_IMPLEMENTATIONS = YES;
				CLANG_WARN_DIRECT_OBJC_ISA_USAGE = YES_ERROR;
				CLANG_WARN_DOCUMENTATION_COMMENTS = YES;
				CLANG_WARN_EMPTY_BODY = YES;
				CLANG_WARN_ENUM_CONVERSION = YES;
				CLANG_WARN_INFINITE_RECURSION = YES;
				CLANG_WARN_INT_CONVERSION = YES;
				CLANG_WARN_NON_LITERAL_NULL_CONVERSION = YES;
				CLANG_WARN_OBJC_IMPLICIT_RETAIN_SELF = YES;
				CLANG_WARN_OBJC_LITERAL_CONVERSION = YES;
				CLANG_WARN_OBJC_ROOT_CLASS = YES_ERROR;
				CLANG_WARN_QUOTED_INCLUDE_IN_FRAMEWORK_HEADER = YES;
				CLANG_WARN_RANGE_LOOP_ANALYSIS = YES;
				CLANG_WARN_STRICT_PROTOTYPES = YES;
				CLANG_WARN_SUSPICIOUS_MOVE = YES;
				CLANG_WARN_UNGUARDED_AVAILABILITY = YES_AGGRESSIVE;
				CLANG_WARN_UNREACHABLE_CODE = YES;
				CLANG_WARN__DUPLICATE_METHOD_MATCH = YES;
				COPY_PHASE_STRIP = NO;
				DEBUG_INFORMATION_FORMAT = "dwarf-with-dsym";
				ENABLE_NS_ASSERTIONS = NO;
				ENABLE_STRICT_OBJC_MSGSEND = YES;
				ENABLE_USER_SCRIPT_SANDBOXING = YES;
				GCC_C_LANGUAGE_STANDARD = gnu17;
				GCC_NO_COMMON_BLOCKS = YES;
				GCC_WARN_64_TO_32_BIT_CONVERSION = YES;
				GCC_WARN_ABOUT_RETURN_TYPE = YES_ERROR;
				GCC_WARN_UNDECLARED_SELECTOR = YES;
				GCC_WARN_UNINITIALIZED_AUTOS = YES_AGGRESSIVE;
				GCC_WARN_UNUSED_FUNCTION = YES;
				GCC_WARN_UNUSED_VARIABLE = YES;
				IPHONEOS_DEPLOYMENT_TARGET = 17.5;
				LOCALIZATION_PREFERS_STRING_CATALOGS = YES;
				MTL_ENABLE_DEBUG_INFO = NO;
				MTL_FAST_MATH = YES;
				SDKROOT = iphoneos;
				SWIFT_COMPILATION_MODE = wholemodule;
				VALIDATE_PRODUCT = YES;
			};
			name = Release;
		};
		053EC1E22C5461430019C618 /* Debug */ = {
			isa = XCBuildConfiguration;
			buildSettings = {
				ASSETCATALOG_COMPILER_APPICON_NAME = AppIcon;
				ASSETCATALOG_COMPILER_GLOBAL_ACCENT_COLOR_NAME = AccentColor;
				CODE_SIGN_STYLE = Automatic;
				CURRENT_PROJECT_VERSION = 1;
				DEVELOPMENT_TEAM = 88K9BT9ZR7;
				GENERATE_INFOPLIST_FILE = YES;
				INFOPLIST_FILE = GiphyFinder/Info.plist;
				INFOPLIST_KEY_UIApplicationSupportsIndirectInputEvents = YES;
				INFOPLIST_KEY_UILaunchStoryboardName = LaunchScreen;
				INFOPLIST_KEY_UIMainStoryboardFile = Main;
				INFOPLIST_KEY_UISupportedInterfaceOrientations_iPad = "UIInterfaceOrientationPortrait UIInterfaceOrientationPortraitUpsideDown UIInterfaceOrientationLandscapeLeft UIInterfaceOrientationLandscapeRight";
				INFOPLIST_KEY_UISupportedInterfaceOrientations_iPhone = "UIInterfaceOrientationPortrait UIInterfaceOrientationLandscapeLeft UIInterfaceOrientationLandscapeRight";
				LD_RUNPATH_SEARCH_PATHS = (
					"$(inherited)",
					"@executable_path/Frameworks",
				);
				MARKETING_VERSION = 1.0;
				PRODUCT_BUNDLE_IDENTIFIER = com.patricijav.GiphyFinder;
				PRODUCT_NAME = "$(TARGET_NAME)";
				SWIFT_EMIT_LOC_STRINGS = YES;
				SWIFT_VERSION = 5.0;
				TARGETED_DEVICE_FAMILY = "1,2";
			};
			name = Debug;
		};
		053EC1E32C5461430019C618 /* Release */ = {
			isa = XCBuildConfiguration;
			buildSettings = {
				ASSETCATALOG_COMPILER_APPICON_NAME = AppIcon;
				ASSETCATALOG_COMPILER_GLOBAL_ACCENT_COLOR_NAME = AccentColor;
				CODE_SIGN_STYLE = Automatic;
				CURRENT_PROJECT_VERSION = 1;
				DEVELOPMENT_TEAM = 88K9BT9ZR7;
				GENERATE_INFOPLIST_FILE = YES;
				INFOPLIST_FILE = GiphyFinder/Info.plist;
				INFOPLIST_KEY_UIApplicationSupportsIndirectInputEvents = YES;
				INFOPLIST_KEY_UILaunchStoryboardName = LaunchScreen;
				INFOPLIST_KEY_UIMainStoryboardFile = Main;
				INFOPLIST_KEY_UISupportedInterfaceOrientations_iPad = "UIInterfaceOrientationPortrait UIInterfaceOrientationPortraitUpsideDown UIInterfaceOrientationLandscapeLeft UIInterfaceOrientationLandscapeRight";
				INFOPLIST_KEY_UISupportedInterfaceOrientations_iPhone = "UIInterfaceOrientationPortrait UIInterfaceOrientationLandscapeLeft UIInterfaceOrientationLandscapeRight";
				LD_RUNPATH_SEARCH_PATHS = (
					"$(inherited)",
					"@executable_path/Frameworks",
				);
				MARKETING_VERSION = 1.0;
				PRODUCT_BUNDLE_IDENTIFIER = com.patricijav.GiphyFinder;
				PRODUCT_NAME = "$(TARGET_NAME)";
				SWIFT_EMIT_LOC_STRINGS = YES;
				SWIFT_VERSION = 5.0;
				TARGETED_DEVICE_FAMILY = "1,2";
			};
			name = Release;
		};
		05AA32AC2C56AED10001C292 /* Debug */ = {
			isa = XCBuildConfiguration;
			buildSettings = {
				BUNDLE_LOADER = "$(TEST_HOST)";
				CODE_SIGN_STYLE = Automatic;
				CURRENT_PROJECT_VERSION = 1;
				DEVELOPMENT_TEAM = 88K9BT9ZR7;
				GENERATE_INFOPLIST_FILE = YES;
				MARKETING_VERSION = 1.0;
				PRODUCT_BUNDLE_IDENTIFIER = com.patricijav.GiphyFinderTests;
				PRODUCT_NAME = "$(TARGET_NAME)";
				SWIFT_EMIT_LOC_STRINGS = NO;
				SWIFT_VERSION = 5.0;
				TARGETED_DEVICE_FAMILY = "1,2";
				TEST_HOST = "$(BUILT_PRODUCTS_DIR)/GiphyFinder.app/$(BUNDLE_EXECUTABLE_FOLDER_PATH)/GiphyFinder";
			};
			name = Debug;
		};
		05AA32AD2C56AED10001C292 /* Release */ = {
			isa = XCBuildConfiguration;
			buildSettings = {
				BUNDLE_LOADER = "$(TEST_HOST)";
				CODE_SIGN_STYLE = Automatic;
				CURRENT_PROJECT_VERSION = 1;
				DEVELOPMENT_TEAM = 88K9BT9ZR7;
				GENERATE_INFOPLIST_FILE = YES;
				MARKETING_VERSION = 1.0;
				PRODUCT_BUNDLE_IDENTIFIER = com.patricijav.GiphyFinderTests;
				PRODUCT_NAME = "$(TARGET_NAME)";
				SWIFT_EMIT_LOC_STRINGS = NO;
				SWIFT_VERSION = 5.0;
				TARGETED_DEVICE_FAMILY = "1,2";
				TEST_HOST = "$(BUILT_PRODUCTS_DIR)/GiphyFinder.app/$(BUNDLE_EXECUTABLE_FOLDER_PATH)/GiphyFinder";
			};
			name = Release;
		};
/* End XCBuildConfiguration section */

/* Begin XCConfigurationList section */
		053EC1C82C5461410019C618 /* Build configuration list for PBXProject "GiphyFinder" */ = {
			isa = XCConfigurationList;
			buildConfigurations = (
				053EC1DF2C5461430019C618 /* Debug */,
				053EC1E02C5461430019C618 /* Release */,
			);
			defaultConfigurationIsVisible = 0;
			defaultConfigurationName = Release;
		};
		053EC1E12C5461430019C618 /* Build configuration list for PBXNativeTarget "GiphyFinder" */ = {
			isa = XCConfigurationList;
			buildConfigurations = (
				053EC1E22C5461430019C618 /* Debug */,
				053EC1E32C5461430019C618 /* Release */,
			);
			defaultConfigurationIsVisible = 0;
			defaultConfigurationName = Release;
		};
		05AA32AB2C56AED10001C292 /* Build configuration list for PBXNativeTarget "GiphyFinderTests" */ = {
			isa = XCConfigurationList;
			buildConfigurations = (
				05AA32AC2C56AED10001C292 /* Debug */,
				05AA32AD2C56AED10001C292 /* Release */,
			);
			defaultConfigurationIsVisible = 0;
			defaultConfigurationName = Release;
		};
/* End XCConfigurationList section */

/* Begin XCRemoteSwiftPackageReference section */
		0592EE5F2C5555100082D8DD /* XCRemoteSwiftPackageReference "SDWebImage" */ = {
			isa = XCRemoteSwiftPackageReference;
			repositoryURL = "https://github.com/SDWebImage/SDWebImage.git";
			requirement = {
				kind = upToNextMajorVersion;
				minimumVersion = 5.19.5;
			};
		};
/* End XCRemoteSwiftPackageReference section */

/* Begin XCSwiftPackageProductDependency section */
		0592EE602C5555100082D8DD /* SDWebImage */ = {
			isa = XCSwiftPackageProductDependency;
			package = 0592EE5F2C5555100082D8DD /* XCRemoteSwiftPackageReference "SDWebImage" */;
			productName = SDWebImage;
		};
		0592EE622C5555100082D8DD /* SDWebImageMapKit */ = {
			isa = XCSwiftPackageProductDependency;
			package = 0592EE5F2C5555100082D8DD /* XCRemoteSwiftPackageReference "SDWebImage" */;
			productName = SDWebImageMapKit;
		};
/* End XCSwiftPackageProductDependency section */
	};
	rootObject = 053EC1C52C5461410019C618 /* Project object */;
}
